{
  "name": "tema1-numeros-reales",
  "lockfileVersion": 3,
  "requires": true,
  "packages": {
    "": {
      "name": "tema1-numeros-reales",
      "dependencies": {
        "temml": "^0.10.0"
      }
    },
    "node_modules/temml": {
      "version": "0.10.34",
      "resolved": "https://registry.npmjs.org/temml/-/temml-0.10.34.tgz",
      "integrity": "sha512-f3b5CaPwPvMviA+CtHy0qoIGWvzpRrNpXmGRc/Y1jc9gAYy+xOlndJFyn7Vfcz7cBcS8QRvv8z0EEH59sHCQxg==",
      "license": "MIT",
      "engines": {
        "node": ">=18.13.0"
      }
    }
  }
}
